{
	"name": "zip-view",
	"version": "0.1.0",
	"lockfileVersion": 3,
	"requires": true,
	"packages": {
		"": {
			"name": "zip-view",
			"version": "0.1.0",
			"dependencies": {
				"@isopodlabs/binary": "^1.8.1",
				"@isopodlabs/binary_libs": "^1.5.1",
				"@isopodlabs/utilities": "^1.9.0",
				"@isopodlabs/vscode_utils": "^0.5.0"
			},
			"devDependencies": {
				"@types/node": "^18",
				"@types/vscode": "^1.75.0",
				"typescript": "^5.8.0"
			},
			"engines": {
				"vscode": "^1.75.0"
			}
		},
		"node_modules/@isopodlabs/binary": {
			"version": "1.8.1",
			"resolved": "https://registry.npmjs.org/@isopodlabs/binary/-/binary-1.8.1.tgz",
			"integrity": "sha512-yvvflKlCFcQS/i2y2+S8wLzPqgyZocxO8Zb087FUpTMOw4HFLeNLnNuFT4bIljZ+6H0QH9jV1Rce8fbSkzvixw==",
			"license": "MIT",
			"bin": {
				"copy-file": "scripts/copy-file.js"
			}
		},
		"node_modules/@isopodlabs/binary_libs": {
			"version": "1.5.1",
			"resolved": "https://registry.npmjs.org/@isopodlabs/binary_libs/-/binary_libs-1.5.1.tgz",
			"integrity": "sha512-9UOTwISNIExaTA1/NP9dQYd3mvV15xewUU/nq3gAgsW7UwOTTCLBynshV9lDEx/GSsm7ieAtKvmmGD5AkUnmaw==",
			"license": "MIT",
			"dependencies": {
				"@isopodlabs/binary": "^1.7.2"
			}
		},
		"node_modules/@isopodlabs/utilities": {
			"version": "1.9.0",
			"resolved": "https://registry.npmjs.org/@isopodlabs/utilities/-/utilities-1.9.0.tgz",
			"integrity": "sha512-fcn1aLxBVbnnd7N3q+gbAOVdn3QYgr43i9j0tT3/CQJHqHoNAetIgiMOuJsXl8suQQv6bW2TL5CUlsAJtDd2IA==",
			"license": "MIT"
		},
		"node_modules/@isopodlabs/vscode_utils": {
			"version": "0.5.0",
			"resolved": "https://registry.npmjs.org/@isopodlabs/vscode_utils/-/vscode_utils-0.5.0.tgz",
			"integrity": "sha512-tmqUwCkNxS7njMJ+JcdEUCAjJeYRvXgMttV8yqX0r9iN0HS41g+pG4lLYr8ROAGgYwdDFg6mGH/RxOnf4iF1UQ==",
			"license": "MIT"
		},
		"node_modules/@types/node": {
			"version": "18.19.130",
			"resolved": "https://registry.npmjs.org/@types/node/-/node-18.19.130.tgz",
			"integrity": "sha512-GRaXQx6jGfL8sKfaIDD6OupbIHBr9jv7Jnaml9tB7l4v068PAOXqfcujMMo5PhbIs6ggR1XODELqahT2R8v0fg==",
			"dev": true,
			"license": "MIT",
			"dependencies": {
				"undici-types": "~5.26.4"
			}
		},
		"node_modules/@types/vscode": {
			"version": "1.110.0",
			"resolved": "https://registry.npmjs.org/@types/vscode/-/vscode-1.110.0.tgz",
			"integrity": "sha512-AGuxUEpU4F4mfuQjxPPaQVyuOMhs+VT/xRok1jiHVBubHK7lBRvCuOMZG0LKUwxncrPorJ5qq/uil3IdZBd5lA==",
			"dev": true,
			"license": "MIT"
		},
		"node_modules/typescript": {
			"version": "5.9.3",
			"resolved": "https://registry.npmjs.org/typescript/-/typescript-5.9.3.tgz",
			"integrity": "sha512-jl1vZzPDinLr9eUt3J/t7V6FgNEw9QjvBPdysz9KfQDD41fQrC2Y4vKQdiaUpFT4bXlb1RHhLpp8wtm6M5TgSw==",
			"dev": true,
			"license": "Apache-2.0",
			"bin": {
				"tsc": "bin/tsc",
				"tsserver": "bin/tsserver"
			},
			"engines": {
				"node": ">=14.17"
			}
		},
		"node_modules/undici-types": {
			"version": "5.26.5",
			"resolved": "https://registry.npmjs.org/undici-types/-/undici-types-5.26.5.tgz",
			"integrity": "sha512-JlCMO+ehdEIKqlFxk6IfVoAUVmgz7cU7zD/h9XZ0qzeosSHmUJVOzSQvvYSYWXkFXC+IfLKSIffhv0sVZup6pA==",
			"dev": true,
			"license": "MIT"
		}
	}
}
