{
	"name": "yahtze",
	"version": "0.1.0",
	"lockfileVersion": 3,
	"requires": true,
	"packages": {
		"": {
			"name": "yahtze",
			"version": "0.1.0",
			"license": "MIT",
			"dependencies": {
				"@isopodlabs/binary": "^1.9.1",
				"@isopodlabs/binary_libs": "^1.7.0",
				"@isopodlabs/utilities": "^1.10.0",
				"@isopodlabs/vscode_utils": "^0.6.2"
			},
			"devDependencies": {
				"@types/node": "^18",
				"@types/vscode": "^1.75.0",
				"typescript": "^5.8.0"
			},
			"engines": {
				"vscode": "^1.75.0"
			}
		},
		"node_modules/@isopodlabs/binary": {
			"version": "1.9.1",
			"resolved": "https://registry.npmjs.org/@isopodlabs/binary/-/binary-1.9.1.tgz",
			"integrity": "sha512-CWka1BRFlVoj0p94vCnLAoRgD684nh9pI2YFzZJCAoa/OkwkgQW8NupUJmvQpBV2TTnvSWW6Cn36UTjKzQlTTw==",
			"license": "MIT",
			"bin": {
				"copy-file": "scripts/copy-file.js"
			}
		},
		"node_modules/@isopodlabs/binary_libs": {
			"version": "1.7.0",
			"resolved": "https://registry.npmjs.org/@isopodlabs/binary_libs/-/binary_libs-1.7.0.tgz",
			"integrity": "sha512-ngcNeDmHoIS/Vhc0ZBoL9W/qURoD0ROfVz+pRqz9BByViCppwx5PDnvO3478V11vnQVr90uYBhWlP05X3Vyq7A==",
			"license": "MIT",
			"dependencies": {
				"@isopodlabs/binary": "^1.9.1"
			}
		},
		"node_modules/@isopodlabs/utilities": {
			"version": "1.10.0",
			"resolved": "https://registry.npmjs.org/@isopodlabs/utilities/-/utilities-1.10.0.tgz",
			"integrity": "sha512-xvUlwAaUML3ZAQObj8u+/ESq8rxrzimhK3s/R/S3IHgfVQlChbWz+HEurecJAOifIU8hVWhAfmo/zpcpLithTQ==",
			"license": "MIT"
		},
		"node_modules/@isopodlabs/vscode_utils": {
			"version": "0.6.2",
			"resolved": "https://registry.npmjs.org/@isopodlabs/vscode_utils/-/vscode_utils-0.6.2.tgz",
			"integrity": "sha512-mLA7x1F2i5Lu2bvti/5itz3Rjiw3iM4wMPz6UBgf2RSN7km5rUmFF+JwaMF7lXOIA5r1lp8dnODvaGg+8Ax6wQ==",
			"license": "MIT"
		},
		"node_modules/@types/node": {
			"version": "18.19.130",
			"resolved": "https://registry.npmjs.org/@types/node/-/node-18.19.130.tgz",
			"integrity": "sha512-GRaXQx6jGfL8sKfaIDD6OupbIHBr9jv7Jnaml9tB7l4v068PAOXqfcujMMo5PhbIs6ggR1XODELqahT2R8v0fg==",
			"dev": true,
			"license": "MIT",
			"dependencies": {
				"undici-types": "~5.26.4"
			}
		},
		"node_modules/@types/vscode": {
			"version": "1.110.0",
			"resolved": "https://registry.npmjs.org/@types/vscode/-/vscode-1.110.0.tgz",
			"integrity": "sha512-AGuxUEpU4F4mfuQjxPPaQVyuOMhs+VT/xRok1jiHVBubHK7lBRvCuOMZG0LKUwxncrPorJ5qq/uil3IdZBd5lA==",
			"dev": true,
			"license": "MIT"
		},
		"node_modules/typescript": {
			"version": "5.9.3",
			"resolved": "https://registry.npmjs.org/typescript/-/typescript-5.9.3.tgz",
			"integrity": "sha512-jl1vZzPDinLr9eUt3J/t7V6FgNEw9QjvBPdysz9KfQDD41fQrC2Y4vKQdiaUpFT4bXlb1RHhLpp8wtm6M5TgSw==",
			"dev": true,
			"license": "Apache-2.0",
			"bin": {
				"tsc": "bin/tsc",
				"tsserver": "bin/tsserver"
			},
			"engines": {
				"node": ">=14.17"
			}
		},
		"node_modules/undici-types": {
			"version": "5.26.5",
			"resolved": "https://registry.npmjs.org/undici-types/-/undici-types-5.26.5.tgz",
			"integrity": "sha512-JlCMO+ehdEIKqlFxk6IfVoAUVmgz7cU7zD/h9XZ0qzeosSHmUJVOzSQvvYSYWXkFXC+IfLKSIffhv0sVZup6pA==",
			"dev": true,
			"license": "MIT"
		}
	}
}
